// !$*UTF8*$!
{
	archiveVersion = 1;
	classes = {
	};
	objectVersion = 46;
	objects = {

/* Begin PBXBuildFile section */
		F12AC7F21B6233A200FFB485 /* wave2.png in Resources */ = {isa = PBXBuildFile; fileRef = F12AC7F01B6233A200FFB485 /* wave2.png */; };
		F12AC7F31B6233A200FFB485 /* wave1.png in Resources */ = {isa = PBXBuildFile; fileRef = F12AC7F11B6233A200FFB485 /* wave1.png */; };
		F16C0C201B66104200C11E09 /* fb_rotation.png in Resources */ = {isa = PBXBuildFile; fileRef = F16C0C1F1B66104200C11E09 /* fb_rotation.png */; };
		F16D9C0D1B54B14E0029A342 /* 1.png in Resources */ = {isa = PBXBuildFile; fileRef = F16D9C0B1B54B14E0029A342 /* 1.png */; };
		F16D9C0E1B54B14E0029A342 /* 2.png in Resources */ = {isa = PBXBuildFile; fileRef = F16D9C0C1B54B14E0029A342 /* 2.png */; };
		F16D9C101B54B2400029A342 /* 3.png in Resources */ = {isa = PBXBuildFile; fileRef = F16D9C0F1B54B2400029A342 /* 3.png */; };
		F17D96CC1B4F65F1002AE99E /* main.m in Sources */ = {isa = PBXBuildFile; fileRef = F17D96CB1B4F65F1002AE99E /* main.m */; };
		F17D96CF1B4F65F1002AE99E /* AppDelegate.m in Sources */ = {isa = PBXBuildFile; fileRef = F17D96CE1B4F65F1002AE99E /* AppDelegate.m */; };
		F17D96D71B4F65F1002AE99E /* Images.xcassets in Resources */ = {isa = PBXBuildFile; fileRef = F17D96D61B4F65F1002AE99E /* Images.xcassets */; };
		F17D96DA1B4F65F1002AE99E /* LaunchScreen.xib in Resources */ = {isa = PBXBuildFile; fileRef = F17D96D81B4F65F1002AE99E /* LaunchScreen.xib */; };
		F17D96E61B4F65F1002AE99E /* XXBFirstPageTests.m in Sources */ = {isa = PBXBuildFile; fileRef = F17D96E51B4F65F1002AE99E /* XXBFirstPageTests.m */; };
		F17D96F11B4F66C1002AE99E /* XXBMainViewController.m in Sources */ = {isa = PBXBuildFile; fileRef = F17D96F01B4F66C1002AE99E /* XXBMainViewController.m */; };
		F17D96F41B4F6D31002AE99E /* XXBCreditView.m in Sources */ = {isa = PBXBuildFile; fileRef = F17D96F31B4F6D31002AE99E /* XXBCreditView.m */; };
		F17D96FC1B4F8A3A002AE99E /* XXBMerchantItemView.m in Sources */ = {isa = PBXBuildFile; fileRef = F17D96FB1B4F8A3A002AE99E /* XXBMerchantItemView.m */; };
		F17D96FF1B4F8E6B002AE99E /* MerchantCollectionCell.m in Sources */ = {isa = PBXBuildFile; fileRef = F17D96FE1B4F8E6B002AE99E /* MerchantCollectionCell.m */; };
		F17D97011B4F9BF7002AE99E /* QQ.jpg in Resources */ = {isa = PBXBuildFile; fileRef = F17D97001B4F9BF7002AE99E /* QQ.jpg */; };
		F17D97071B4F9E1F002AE99E /* XXBFunctionView.m in Sources */ = {isa = PBXBuildFile; fileRef = F17D97061B4F9E1F002AE99E /* XXBFunctionView.m */; };
		F17D97121B4FC0D5002AE99E /* RecommendView.m in Sources */ = {isa = PBXBuildFile; fileRef = F17D97111B4FC0D5002AE99E /* RecommendView.m */; };
/* End PBXBuildFile section */

/* Begin PBXContainerItemProxy section */
		F17D96E01B4F65F1002AE99E /* PBXContainerItemProxy */ = {
			isa = PBXContainerItemProxy;
			containerPortal = F17D96BE1B4F65F1002AE99E /* Project object */;
			proxyType = 1;
			remoteGlobalIDString = F17D96C51B4F65F1002AE99E;
			remoteInfo = XXBFirstPage;
		};
/* End PBXContainerItemProxy section */

/* Begin PBXFileReference section */
		F12AC7F01B6233A200FFB485 /* wave2.png */ = {isa = PBXFileReference; lastKnownFileType = image.png; path = wave2.png; sourceTree = "<group>"; };
		F12AC7F11B6233A200FFB485 /* wave1.png */ = {isa = PBXFileReference; lastKnownFileType = image.png; path = wave1.png; sourceTree = "<group>"; };
		F16C0C1F1B66104200C11E09 /* fb_rotation.png */ = {isa = PBXFileReference; lastKnownFileType = image.png; path = fb_rotation.png; sourceTree = "<group>"; };
		F16D9C0B1B54B14E0029A342 /* 1.png */ = {isa = PBXFileReference; lastKnownFileType = image.png; path = 1.png; sourceTree = "<group>"; };
		F16D9C0C1B54B14E0029A342 /* 2.png */ = {isa = PBXFileReference; lastKnownFileType = image.png; path = 2.png; sourceTree = "<group>"; };
		F16D9C0F1B54B2400029A342 /* 3.png */ = {isa = PBXFileReference; lastKnownFileType = image.png; path = 3.png; sourceTree = "<group>"; };
		F17D96C61B4F65F1002AE99E /* XXBFirstPage.app */ = {isa = PBXFileReference; explicitFileType = wrapper.application; includeInIndex = 0; path = XXBFirstPage.app; sourceTree = BUILT_PRODUCTS_DIR; };
		F17D96CA1B4F65F1002AE99E /* Info.plist */ = {isa = PBXFileReference; lastKnownFileType = text.plist.xml; path = Info.plist; sourceTree = "<group>"; };
		F17D96CB1B4F65F1002AE99E /* main.m */ = {isa = PBXFileReference; lastKnownFileType = sourcecode.c.objc; path = main.m; sourceTree = "<group>"; };
		F17D96CD1B4F65F1002AE99E /* AppDelegate.h */ = {isa = PBXFileReference; lastKnownFileType = sourcecode.c.h; path = AppDelegate.h; sourceTree = "<group>"; };
		F17D96CE1B4F65F1002AE99E /* AppDelegate.m */ = {isa = PBXFileReference; lastKnownFileType = sourcecode.c.objc; path = AppDelegate.m; sourceTree = "<group>"; };
		F17D96D61B4F65F1002AE99E /* Images.xcassets */ = {isa = PBXFileReference; lastKnownFileType = folder.assetcatalog; path = Images.xcassets; sourceTree = "<group>"; };
		F17D96D91B4F65F1002AE99E /* Base */ = {isa = PBXFileReference; lastKnownFileType = file.xib; name = Base; path = Base.lproj/LaunchScreen.xib; sourceTree = "<group>"; };
		F17D96DF1B4F65F1002AE99E /* XXBFirstPageTests.xctest */ = {isa = PBXFileReference; explicitFileType = wrapper.cfbundle; includeInIndex = 0; path = XXBFirstPageTests.xctest; sourceTree = BUILT_PRODUCTS_DIR; };
		F17D96E41B4F65F1002AE99E /* Info.plist */ = {isa = PBXFileReference; lastKnownFileType = text.plist.xml; path = Info.plist; sourceTree = "<group>"; };
		F17D96E51B4F65F1002AE99E /* XXBFirstPageTests.m */ = {isa = PBXFileReference; lastKnownFileType = sourcecode.c.objc; path = XXBFirstPageTests.m; sourceTree = "<group>"; };
		F17D96EF1B4F66C1002AE99E /* XXBMainViewController.h */ = {isa = PBXFileReference; fileEncoding = 4; lastKnownFileType = sourcecode.c.h; path = XXBMainViewController.h; sourceTree = "<group>"; };
		F17D96F01B4F66C1002AE99E /* XXBMainViewController.m */ = {isa = PBXFileReference; fileEncoding = 4; lastKnownFileType = sourcecode.c.objc; path = XXBMainViewController.m; sourceTree = "<group>"; };
		F17D96F21B4F6D31002AE99E /* XXBCreditView.h */ = {isa = PBXFileReference; fileEncoding = 4; lastKnownFileType = sourcecode.c.h; path = XXBCreditView.h; sourceTree = "<group>"; };
		F17D96F31B4F6D31002AE99E /* XXBCreditView.m */ = {isa = PBXFileReference; fileEncoding = 4; lastKnownFileType = sourcecode.c.objc; path = XXBCreditView.m; sourceTree = "<group>"; };
		F17D96F91B4F80BB002AE99E /* PrefixHeader.pch */ = {isa = PBXFileReference; fileEncoding = 4; lastKnownFileType = sourcecode.c.h; path = PrefixHeader.pch; sourceTree = "<group>"; };
		F17D96FA1B4F8A3A002AE99E /* XXBMerchantItemView.h */ = {isa = PBXFileReference; fileEncoding = 4; lastKnownFileType = sourcecode.c.h; path = XXBMerchantItemView.h; sourceTree = "<group>"; };
		F17D96FB1B4F8A3A002AE99E /* XXBMerchantItemView.m */ = {isa = PBXFileReference; fileEncoding = 4; lastKnownFileType = sourcecode.c.objc; path = XXBMerchantItemView.m; sourceTree = "<group>"; };
		F17D96FD1B4F8E6B002AE99E /* MerchantCollectionCell.h */ = {isa = PBXFileReference; fileEncoding = 4; lastKnownFileType = sourcecode.c.h; path = MerchantCollectionCell.h; sourceTree = "<group>"; };
		F17D96FE1B4F8E6B002AE99E /* MerchantCollectionCell.m */ = {isa = PBXFileReference; fileEncoding = 4; lastKnownFileType = sourcecode.c.objc; path = MerchantCollectionCell.m; sourceTree = "<group>"; };
		F17D97001B4F9BF7002AE99E /* QQ.jpg */ = {isa = PBXFileReference; lastKnownFileType = image.jpeg; path = QQ.jpg; sourceTree = "<group>"; };
		F17D97051B4F9E1F002AE99E /* XXBFunctionView.h */ = {isa = PBXFileReference; fileEncoding = 4; lastKnownFileType = sourcecode.c.h; path = XXBFunctionView.h; sourceTree = "<group>"; };
		F17D97061B4F9E1F002AE99E /* XXBFunctionView.m */ = {isa = PBXFileReference; fileEncoding = 4; lastKnownFileType = sourcecode.c.objc; path = XXBFunctionView.m; sourceTree = "<group>"; };
		F17D97101B4FC0D5002AE99E /* RecommendView.h */ = {isa = PBXFileReference; fileEncoding = 4; lastKnownFileType = sourcecode.c.h; path = RecommendView.h; sourceTree = "<group>"; };
		F17D97111B4FC0D5002AE99E /* RecommendView.m */ = {isa = PBXFileReference; fileEncoding = 4; lastKnownFileType = sourcecode.c.objc; path = RecommendView.m; sourceTree = "<group>"; };
/* End PBXFileReference section */

/* Begin PBXFrameworksBuildPhase section */
		F17D96C31B4F65F1002AE99E /* Frameworks */ = {
			isa = PBXFrameworksBuildPhase;
			buildActionMask = 2147483647;
			files = (
			);
			runOnlyForDeploymentPostprocessing = 0;
		};
		F17D96DC1B4F65F1002AE99E /* Frameworks */ = {
			isa = PBXFrameworksBuildPhase;
			buildActionMask = 2147483647;
			files = (
			);
			runOnlyForDeploymentPostprocessing = 0;
		};
/* End PBXFrameworksBuildPhase section */

/* Begin PBXGroup section */
		F17D96BD1B4F65F1002AE99E = {
			isa = PBXGroup;
			children = (
				F17D96C81B4F65F1002AE99E /* XXBFirstPage */,
				F17D96E21B4F65F1002AE99E /* XXBFirstPageTests */,
				F17D96C71B4F65F1002AE99E /* Products */,
			);
			sourceTree = "<group>";
		};
		F17D96C71B4F65F1002AE99E /* Products */ = {
			isa = PBXGroup;
			children = (
				F17D96C61B4F65F1002AE99E /* XXBFirstPage.app */,
				F17D96DF1B4F65F1002AE99E /* XXBFirstPageTests.xctest */,
			);
			name = Products;
			sourceTree = "<group>";
		};
		F17D96C81B4F65F1002AE99E /* XXBFirstPage */ = {
			isa = PBXGroup;
			children = (
				F17D96CD1B4F65F1002AE99E /* AppDelegate.h */,
				F17D96CE1B4F65F1002AE99E /* AppDelegate.m */,
				F17D96EF1B4F66C1002AE99E /* XXBMainViewController.h */,
				F17D96F01B4F66C1002AE99E /* XXBMainViewController.m */,
				F17D97101B4FC0D5002AE99E /* RecommendView.h */,
				F17D97111B4FC0D5002AE99E /* RecommendView.m */,
				F17D96FA1B4F8A3A002AE99E /* XXBMerchantItemView.h */,
				F17D96FB1B4F8A3A002AE99E /* XXBMerchantItemView.m */,
				F17D96FD1B4F8E6B002AE99E /* MerchantCollectionCell.h */,
				F17D96FE1B4F8E6B002AE99E /* MerchantCollectionCell.m */,
				F17D97051B4F9E1F002AE99E /* XXBFunctionView.h */,
				F17D97061B4F9E1F002AE99E /* XXBFunctionView.m */,
				F17D96F21B4F6D31002AE99E /* XXBCreditView.h */,
				F17D96F31B4F6D31002AE99E /* XXBCreditView.m */,
				F17D96F91B4F80BB002AE99E /* PrefixHeader.pch */,
				F16C0C1F1B66104200C11E09 /* fb_rotation.png */,
				F16D9C0B1B54B14E0029A342 /* 1.png */,
				F12AC7F01B6233A200FFB485 /* wave2.png */,
				F12AC7F11B6233A200FFB485 /* wave1.png */,
				F16D9C0C1B54B14E0029A342 /* 2.png */,
				F16D9C0F1B54B2400029A342 /* 3.png */,
				F17D97001B4F9BF7002AE99E /* QQ.jpg */,
				F17D96D61B4F65F1002AE99E /* Images.xcassets */,
				F17D96D81B4F65F1002AE99E /* LaunchScreen.xib */,
				F17D96C91B4F65F1002AE99E /* Supporting Files */,
			);
			path = XXBFirstPage;
			sourceTree = "<group>";
		};
		F17D96C91B4F65F1002AE99E /* Supporting Files */ = {
			isa = PBXGroup;
			children = (
				F17D96CA1B4F65F1002AE99E /* Info.plist */,
				F17D96CB1B4F65F1002AE99E /* main.m */,
			);
			name = "Supporting Files";
			sourceTree = "<group>";
		};
		F17D96E21B4F65F1002AE99E /* XXBFirstPageTests */ = {
			isa = PBXGroup;
			children = (
				F17D96E51B4F65F1002AE99E /* XXBFirstPageTests.m */,
				F17D96E31B4F65F1002AE99E /* Supporting Files */,
			);
			path = XXBFirstPageTests;
			sourceTree = "<group>";
		};
		F17D96E31B4F65F1002AE99E /* Supporting Files */ = {
			isa = PBXGroup;
			children = (
				F17D96E41B4F65F1002AE99E /* Info.plist */,
			);
			name = "Supporting Files";
			sourceTree = "<group>";
		};
/* End PBXGroup section */

/* Begin PBXNativeTarget section */
		F17D96C51B4F65F1002AE99E /* XXBFirstPage */ = {
			isa = PBXNativeTarget;
			buildConfigurationList = F17D96E91B4F65F1002AE99E /* Build configuration list for PBXNativeTarget "XXBFirstPage" */;
			buildPhases = (
				F17D96C21B4F65F1002AE99E /* Sources */,
				F17D96C31B4F65F1002AE99E /* Frameworks */,
				F17D96C41B4F65F1002AE99E /* Resources */,
			);
			buildRules = (
			);
			dependencies = (
			);
			name = XXBFirstPage;
			productName = XXBFirstPage;
			productReference = F17D96C61B4F65F1002AE99E /* XXBFirstPage.app */;
			productType = "com.apple.product-type.application";
		};
		F17D96DE1B4F65F1002AE99E /* XXBFirstPageTests */ = {
			isa = PBXNativeTarget;
			buildConfigurationList = F17D96EC1B4F65F1002AE99E /* Build configuration list for PBXNativeTarget "XXBFirstPageTests" */;
			buildPhases = (
				F17D96DB1B4F65F1002AE99E /* Sources */,
				F17D96DC1B4F65F1002AE99E /* Frameworks */,
				F17D96DD1B4F65F1002AE99E /* Resources */,
			);
			buildRules = (
			);
			dependencies = (
				F17D96E11B4F65F1002AE99E /* PBXTargetDependency */,
			);
			name = XXBFirstPageTests;
			productName = XXBFirstPageTests;
			productReference = F17D96DF1B4F65F1002AE99E /* XXBFirstPageTests.xctest */;
			productType = "com.apple.product-type.bundle.unit-test";
		};
/* End PBXNativeTarget section */

/* Begin PBXProject section */
		F17D96BE1B4F65F1002AE99E /* Project object */ = {
			isa = PBXProject;
			attributes = {
				LastUpgradeCheck = 0630;
				ORGANIZATIONNAME = xxb;
				TargetAttributes = {
					F17D96C51B4F65F1002AE99E = {
						CreatedOnToolsVersion = 6.3.1;
					};
					F17D96DE1B4F65F1002AE99E = {
						CreatedOnToolsVersion = 6.3.1;
						TestTargetID = F17D96C51B4F65F1002AE99E;
					};
				};
			};
			buildConfigurationList = F17D96C11B4F65F1002AE99E /* Build configuration list for PBXProject "XXBFirstPage" */;
			compatibilityVersion = "Xcode 3.2";
			developmentRegion = English;
			hasScannedForEncodings = 0;
			knownRegions = (
				en,
				Base,
			);
			mainGroup = F17D96BD1B4F65F1002AE99E;
			productRefGroup = F17D96C71B4F65F1002AE99E /* Products */;
			projectDirPath = "";
			projectRoot = "";
			targets = (
				F17D96C51B4F65F1002AE99E /* XXBFirstPage */,
				F17D96DE1B4F65F1002AE99E /* XXBFirstPageTests */,
			);
		};
/* End PBXProject section */

/* Begin PBXResourcesBuildPhase section */
		F17D96C41B4F65F1002AE99E /* Resources */ = {
			isa = PBXResourcesBuildPhase;
			buildActionMask = 2147483647;
			files = (
				F12AC7F31B6233A200FFB485 /* wave1.png in Resources */,
				F16D9C0E1B54B14E0029A342 /* 2.png in Resources */,
				F17D96DA1B4F65F1002AE99E /* LaunchScreen.xib in Resources */,
				F16C0C201B66104200C11E09 /* fb_rotation.png in Resources */,
				F16D9C0D1B54B14E0029A342 /* 1.png in Resources */,
				F17D97011B4F9BF7002AE99E /* QQ.jpg in Resources */,
				F16D9C101B54B2400029A342 /* 3.png in Resources */,
				F12AC7F21B6233A200FFB485 /* wave2.png in Resources */,
				F17D96D71B4F65F1002AE99E /* Images.xcassets in Resources */,
			);
			runOnlyForDeploymentPostprocessing = 0;
		};
		F17D96DD1B4F65F1002AE99E /* Resources */ = {
			isa = PBXResourcesBuildPhase;
			buildActionMask = 2147483647;
			files = (
			);
			runOnlyForDeploymentPostprocessing = 0;
		};
/* End PBXResourcesBuildPhase section */

/* Begin PBXSourcesBuildPhase section */
		F17D96C21B4F65F1002AE99E /* Sources */ = {
			isa = PBXSourcesBuildPhase;
			buildActionMask = 2147483647;
			files = (
				F17D96F11B4F66C1002AE99E /* XXBMainViewController.m in Sources */,
				F17D96FC1B4F8A3A002AE99E /* XXBMerchantItemView.m in Sources */,
				F17D96F41B4F6D31002AE99E /* XXBCreditView.m in Sources */,
				F17D96FF1B4F8E6B002AE99E /* MerchantCollectionCell.m in Sources */,
				F17D96CF1B4F65F1002AE99E /* AppDelegate.m in Sources */,
				F17D96CC1B4F65F1002AE99E /* main.m in Sources */,
				F17D97071B4F9E1F002AE99E /* XXBFunctionView.m in Sources */,
				F17D97121B4FC0D5002AE99E /* RecommendView.m in Sources */,
			);
			runOnlyForDeploymentPostprocessing = 0;
		};
		F17D96DB1B4F65F1002AE99E /* Sources */ = {
			isa = PBXSourcesBuildPhase;
			buildActionMask = 2147483647;
			files = (
				F17D96E61B4F65F1002AE99E /* XXBFirstPageTests.m in Sources */,
			);
			runOnlyForDeploymentPostprocessing = 0;
		};
/* End PBXSourcesBuildPhase section */

/* Begin PBXTargetDependency section */
		F17D96E11B4F65F1002AE99E /* PBXTargetDependency */ = {
			isa = PBXTargetDependency;
			target = F17D96C51B4F65F1002AE99E /* XXBFirstPage */;
			targetProxy = F17D96E01B4F65F1002AE99E /* PBXContainerItemProxy */;
		};
/* End PBXTargetDependency section */

/* Begin PBXVariantGroup section */
		F17D96D81B4F65F1002AE99E /* LaunchScreen.xib */ = {
			isa = PBXVariantGroup;
			children = (
				F17D96D91B4F65F1002AE99E /* Base */,
			);
			name = LaunchScreen.xib;
			sourceTree = "<group>";
		};
/* End PBXVariantGroup section */

/* Begin XCBuildConfiguration section */
		F17D96E71B4F65F1002AE99E /* Debug */ = {
			isa = XCBuildConfiguration;
			buildSettings = {
				ALWAYS_SEARCH_USER_PATHS = NO;
				CLANG_CXX_LANGUAGE_STANDARD = "gnu++0x";
				CLANG_CXX_LIBRARY = "libc++";
				CLANG_ENABLE_MODULES = YES;
				CLANG_ENABLE_OBJC_ARC = YES;
				CLANG_WARN_BOOL_CONVERSION = YES;
				CLANG_WARN_CONSTANT_CONVERSION = YES;
				CLANG_WARN_DIRECT_OBJC_ISA_USAGE = YES_ERROR;
				CLANG_WARN_EMPTY_BODY = YES;
				CLANG_WARN_ENUM_CONVERSION = YES;
				CLANG_WARN_INT_CONVERSION = YES;
				CLANG_WARN_OBJC_ROOT_CLASS = YES_ERROR;
				CLANG_WARN_UNREACHABLE_CODE = YES;
				CLANG_WARN__DUPLICATE_METHOD_MATCH = YES;
				"CODE_SIGN_IDENTITY[sdk=iphoneos*]" = "iPhone Developer";
				COPY_PHASE_STRIP = NO;
				DEBUG_INFORMATION_FORMAT = "dwarf-with-dsym";
				ENABLE_STRICT_OBJC_MSGSEND = YES;
				GCC_C_LANGUAGE_STANDARD = gnu99;
				GCC_DYNAMIC_NO_PIC = NO;
				GCC_NO_COMMON_BLOCKS = YES;
				GCC_OPTIMIZATION_LEVEL = 0;
				GCC_PREPROCESSOR_DEFINITIONS = (
					"DEBUG=1",
					"$(inherited)",
				);
				GCC_SYMBOLS_PRIVATE_EXTERN = NO;
				GCC_WARN_64_TO_32_BIT_CONVERSION = YES;
				GCC_WARN_ABOUT_RETURN_TYPE = YES_ERROR;
				GCC_WARN_UNDECLARED_SELECTOR = YES;
				GCC_WARN_UNINITIALIZED_AUTOS = YES_AGGRESSIVE;
				GCC_WARN_UNUSED_FUNCTION = YES;
				GCC_WARN_UNUSED_VARIABLE = YES;
				IPHONEOS_DEPLOYMENT_TARGET = 8.3;
				MTL_ENABLE_DEBUG_INFO = YES;
				ONLY_ACTIVE_ARCH = YES;
				SDKROOT = iphoneos;
				TARGETED_DEVICE_FAMILY = "1,2";
			};
			name = Debug;
		};
		F17D96E81B4F65F1002AE99E /* Release */ = {
			isa = XCBuildConfiguration;
			buildSettings = {
				ALWAYS_SEARCH_USER_PATHS = NO;
				CLANG_CXX_LANGUAGE_STANDARD = "gnu++0x";
				CLANG_CXX_LIBRARY = "libc++";
				CLANG_ENABLE_MODULES = YES;
				CLANG_ENABLE_OBJC_ARC = YES;
				CLANG_WARN_BOOL_CONVERSION = YES;
				CLANG_WARN_CONSTANT_CONVERSION = YES;
				CLANG_WARN_DIRECT_OBJC_ISA_USAGE = YES_ERROR;
				CLANG_WARN_EMPTY_BODY = YES;
				CLANG_WARN_ENUM_CONVERSION = YES;
				CLANG_WARN_INT_CONVERSION = YES;
				CLANG_WARN_OBJC_ROOT_CLASS = YES_ERROR;
				CLANG_WARN_UNREACHABLE_CODE = YES;
				CLANG_WARN__DUPLICATE_METHOD_MATCH = YES;
				"CODE_SIGN_IDENTITY[sdk=iphoneos*]" = "iPhone Developer";
				COPY_PHASE_STRIP = NO;
				DEBUG_INFORMATION_FORMAT = "dwarf-with-dsym";
				ENABLE_NS_ASSERTIONS = NO;
				ENABLE_STRICT_OBJC_MSGSEND = YES;
				GCC_C_LANGUAGE_STANDARD = gnu99;
				GCC_NO_COMMON_BLOCKS = YES;
				GCC_WARN_64_TO_32_BIT_CONVERSION = YES;
				GCC_WARN_ABOUT_RETURN_TYPE = YES_ERROR;
				GCC_WARN_UNDECLARED_SELECTOR = YES;
				GCC_WARN_UNINITIALIZED_AUTOS = YES_AGGRESSIVE;
				GCC_WARN_UNUSED_FUNCTION = YES;
				GCC_WARN_UNUSED_VARIABLE = YES;
				IPHONEOS_DEPLOYMENT_TARGET = 8.3;
				MTL_ENABLE_DEBUG_INFO = NO;
				SDKROOT = iphoneos;
				TARGETED_DEVICE_FAMILY = "1,2";
				VALIDATE_PRODUCT = YES;
			};
			name = Release;
		};
		F17D96EA1B4F65F1002AE99E /* Debug */ = {
			isa = XCBuildConfiguration;
			buildSettings = {
				ASSETCATALOG_COMPILER_APPICON_NAME = AppIcon;
				GCC_PREFIX_HEADER = "$(SRCROOT)/XXBFirstPage/PrefixHeader.pch";
				INFOPLIST_FILE = XXBFirstPage/Info.plist;
				LD_RUNPATH_SEARCH_PATHS = "$(inherited) @executable_path/Frameworks";
				PRODUCT_NAME = "$(TARGET_NAME)";
			};
			name = Debug;
		};
		F17D96EB1B4F65F1002AE99E /* Release */ = {
			isa = XCBuildConfiguration;
			buildSettings = {
				ASSETCATALOG_COMPILER_APPICON_NAME = AppIcon;
				GCC_PREFIX_HEADER = "$(SRCROOT)/XXBFirstPage/PrefixHeader.pch";
				INFOPLIST_FILE = XXBFirstPage/Info.plist;
				LD_RUNPATH_SEARCH_PATHS = "$(inherited) @executable_path/Frameworks";
				PRODUCT_NAME = "$(TARGET_NAME)";
			};
			name = Release;
		};
		F17D96ED1B4F65F1002AE99E /* Debug */ = {
			isa = XCBuildConfiguration;
			buildSettings = {
				BUNDLE_LOADER = "$(TEST_HOST)";
				FRAMEWORK_SEARCH_PATHS = (
					"$(SDKROOT)/Developer/Library/Frameworks",
					"$(inherited)",
				);
				GCC_PREPROCESSOR_DEFINITIONS = (
					"DEBUG=1",
					"$(inherited)",
				);
				INFOPLIST_FILE = XXBFirstPageTests/Info.plist;
				LD_RUNPATH_SEARCH_PATHS = "$(inherited) @executable_path/Frameworks @loader_path/Frameworks";
				PRODUCT_NAME = "$(TARGET_NAME)";
				TEST_HOST = "$(BUILT_PRODUCTS_DIR)/XXBFirstPage.app/XXBFirstPage";
			};
			name = Debug;
		};
		F17D96EE1B4F65F1002AE99E /* Release */ = {
			isa = XCBuildConfiguration;
			buildSettings = {
				BUNDLE_LOADER = "$(TEST_HOST)";
				FRAMEWORK_SEARCH_PATHS = (
					"$(SDKROOT)/Developer/Library/Frameworks",
					"$(inherited)",
				);
				INFOPLIST_FILE = XXBFirstPageTests/Info.plist;
				LD_RUNPATH_SEARCH_PATHS = "$(inherited) @executable_path/Frameworks @loader_path/Frameworks";
				PRODUCT_NAME = "$(TARGET_NAME)";
				TEST_HOST = "$(BUILT_PRODUCTS_DIR)/XXBFirstPage.app/XXBFirstPage";
			};
			name = Release;
		};
/* End XCBuildConfiguration section */

/* Begin XCConfigurationList section */
		F17D96C11B4F65F1002AE99E /* Build configuration list for PBXProject "XXBFirstPage" */ = {
			isa = XCConfigurationList;
			buildConfigurations = (
				F17D96E71B4F65F1002AE99E /* Debug */,
				F17D96E81B4F65F1002AE99E /* Release */,
			);
			defaultConfigurationIsVisible = 0;
			defaultConfigurationName = Release;
		};
		F17D96E91B4F65F1002AE99E /* Build configuration list for PBXNativeTarget "XXBFirstPage" */ = {
			isa = XCConfigurationList;
			buildConfigurations = (
				F17D96EA1B4F65F1002AE99E /* Debug */,
				F17D96EB1B4F65F1002AE99E /* Release */,
			);
			defaultConfigurationIsVisible = 0;
			defaultConfigurationName = Release;
		};
		F17D96EC1B4F65F1002AE99E /* Build configuration list for PBXNativeTarget "XXBFirstPageTests" */ = {
			isa = XCConfigurationList;
			buildConfigurations = (
				F17D96ED1B4F65F1002AE99E /* Debug */,
				F17D96EE1B4F65F1002AE99E /* Release */,
			);
			defaultConfigurationIsVisible = 0;
			defaultConfigurationName = Release;
		};
/* End XCConfigurationList section */
	};
	rootObject = F17D96BE1B4F65F1002AE99E /* Project object */;
}
